<?xml version="1.0" encoding="utf-8"?>
<Project ToolsVersion="4.0" xmlns="http://schemas.microsoft.com/developer/msbuild/2003">
  <ItemGroup>
    <Filter Include="Header Files">
      <UniqueIdentifier>{b872a33d-1986-49bb-8ad5-a00a56bb72c2}</UniqueIdentifier>
    </Filter>
    <Filter Include="Source Files">
      <UniqueIdentifier>{737879d3-6e46-4738-947c-371181097307}</UniqueIdentifier>
    </Filter>
    <Filter Include="Resource Files">
      <UniqueIdentifier>{0b10630e-a96b-4856-b911-b48a41dc76b3}</UniqueIdentifier>
    </Filter>
  </ItemGroup>
  <ItemGroup>
    <ClInclude Include="ntwk\StaticFunctions.h">
      <Filter>Header Files</Filter>
    </ClInclude>
    <ClInclude Include="ntwk\ntwkTypes.h">
      <Filter>Header Files</Filter>
    </ClInclude>
    <ClInclude Include="ntwk\typeDefs.h">
      <Filter>Header Files</Filter>
    </ClInclude>
  </ItemGroup>
  <ItemGroup>
    <ClCompile Include="ntwk\StaticFunctions.cpp">
      <Filter>Source Files</Filter>
    </ClCompile>
  </ItemGroup>
</Project>